
Microsoft Visual Studio Solution File, Format Version 12.00
# Visual Studio Version 17
VisualStudioVersion = 17.11.35327.3
MinimumVisualStudioVersion = 10.0.40219.1
Project("{8BC9CEB8-8B4A-11D0-8D11-00A0C91BC942}") = "lab2_1", "lab2_1.vcxproj", "{574FEDA2-2AC8-461B-8F7F-ADF2492EC576}"
EndProject
Global
	GlobalSection(SolutionConfigurationPlatforms) = preSolution
		Debug|x64 = Debug|x64
		Debug|x86 = Debug|x86
		Release|x64 = Release|x64
		Release|x86 = Release|x86
	EndGlobalSection
	GlobalSection(ProjectConfigurationPlatforms) = postSolution
		{574FEDA2-2AC8-461B-8F7F-ADF2492EC576}.Debug|x64.ActiveCfg = Debug|x64
		{574FEDA2-2AC8-461B-8F7F-ADF2492EC576}.Debug|x64.Build.0 = Debug|x64
		{574FEDA2-2AC8-461B-8F7F-ADF2492EC576}.Debug|x86.ActiveCfg = Debug|Win32
		{574FEDA2-2AC8-461B-8F7F-ADF2492EC576}.Debug|x86.Build.0 = Debug|Win32
		{574FEDA2-2AC8-461B-8F7F-ADF2492EC576}.Release|x64.ActiveCfg = Release|x64
		{574FEDA2-2AC8-461B-8F7F-ADF2492EC576}.Release|x64.Build.0 = Release|x64
		{574FEDA2-2AC8-461B-8F7F-ADF2492EC576}.Release|x86.ActiveCfg = Release|Win32
		{574FEDA2-2AC8-461B-8F7F-ADF2492EC576}.Release|x86.Build.0 = Release|Win32
	EndGlobalSection
	GlobalSection(SolutionProperties) = preSolution
		HideSolutionNode = FALSE
	EndGlobalSection
	GlobalSection(ExtensibilityGlobals) = postSolution
		SolutionGuid = {9A4FCE26-09D4-44A3-B008-D9141029FC4F}
	EndGlobalSection
EndGlobal
